
Microsoft Visual Studio Solution File, Format Version 12.00
# Visual Studio Version 16
VisualStudioVersion = 16.0.31402.337
MinimumVisualStudioVersion = 10.0.40219.1
Project("{FAE04EC0-301F-11D3-BF4B-00C04F79EFBC}") = "DataBase Query", "DataBase Query\DataBase Query.csproj", "{13DD1DED-E143-4AA1-932A-52B9DCF451F5}"
EndProject
Global
	GlobalSection(SolutionConfigurationPlatforms) = preSolution
		Debug|Any CPU = Debug|Any CPU
		Release|Any CPU = Release|Any CPU
	EndGlobalSection
	GlobalSection(ProjectConfigurationPlatforms) = postSolution
		{13DD1DED-E143-4AA1-932A-52B9DCF451F5}.Debug|Any CPU.ActiveCfg = Debug|Any CPU
		{13DD1DED-E143-4AA1-932A-52B9DCF451F5}.Debug|Any CPU.Build.0 = Debug|Any CPU
		{13DD1DED-E143-4AA1-932A-52B9DCF451F5}.Release|Any CPU.ActiveCfg = Release|Any CPU
		{13DD1DED-E143-4AA1-932A-52B9DCF451F5}.Release|Any CPU.Build.0 = Release|Any CPU
	EndGlobalSection
	GlobalSection(SolutionProperties) = preSolution
		HideSolutionNode = FALSE
	EndGlobalSection
	GlobalSection(ExtensibilityGlobals) = postSolution
		SolutionGuid = {10F0AECA-05FB-4788-86C3-9E70273ACCAC}
	EndGlobalSection
EndGlobal
